
Microsoft Visual Studio Solution File, Format Version 12.00
# Visual Studio Version 16
VisualStudioVersion = 16.0.30413.136
MinimumVisualStudioVersion = 10.0.40219.1
Project("{FAE04EC0-301F-11D3-BF4B-00C04F79EFBC}") = "Appensayo.Android", "Appensayo\Appensayo.Android\Appensayo.Android.csproj", "{3CEBB6F2-2410-43D4-8440-D4900B770D7C}"
EndProject
Project("{FAE04EC0-301F-11D3-BF4B-00C04F79EFBC}") = "Appensayo.iOS", "Appensayo\Appensayo.iOS\Appensayo.iOS.csproj", "{A6D15546-AAF0-4AA7-8D54-AD0AB9EAD86C}"
EndProject
Project("{FAE04EC0-301F-11D3-BF4B-00C04F79EFBC}") = "Appensayo", "Appensayo\Appensayo\Appensayo.csproj", "{3F1C03B7-429E-455F-8AA5-90E7DDB2ED12}"
EndProject
Global
	GlobalSection(SolutionConfigurationPlatforms) = preSolution
		Debug|Any CPU = Debug|Any CPU
		Debug|iPhone = Debug|iPhone
		Debug|iPhoneSimulator = Debug|iPhoneSimulator
		Release|Any CPU = Release|Any CPU
		Release|iPhone = Release|iPhone
		Release|iPhoneSimulator = Release|iPhoneSimulator
	EndGlobalSection
	GlobalSection(ProjectConfigurationPlatforms) = postSolution
		{3CEBB6F2-2410-43D4-8440-D4900B770D7C}.Debug|Any CPU.ActiveCfg = Debug|Any CPU
		{3CEBB6F2-2410-43D4-8440-D4900B770D7C}.Debug|Any CPU.Build.0 = Debug|Any CPU
		{3CEBB6F2-2410-43D4-8440-D4900B770D7C}.Debug|Any CPU.Deploy.0 = Debug|Any CPU
		{3CEBB6F2-2410-43D4-8440-D4900B770D7C}.Debug|iPhone.ActiveCfg = Debug|Any CPU
		{3CEBB6F2-2410-43D4-8440-D4900B770D7C}.Debug|iPhone.Build.0 = Debug|Any CPU
		{3CEBB6F2-2410-43D4-8440-D4900B770D7C}.Debug|iPhone.Deploy.0 = Debug|Any CPU
		{3CEBB6F2-2410-43D4-8440-D4900B770D7C}.Debug|iPhoneSimulator.ActiveCfg = Debug|Any CPU
		{3CEBB6F2-2410-43D4-8440-D4900B770D7C}.Debug|iPhoneSimulator.Build.0 = Debug|Any CPU
		{3CEBB6F2-2410-43D4-8440-D4900B770D7C}.Debug|iPhoneSimulator.Deploy.0 = Debug|Any CPU
		{3CEBB6F2-2410-43D4-8440-D4900B770D7C}.Release|Any CPU.ActiveCfg = Release|Any CPU
		{3CEBB6F2-2410-43D4-8440-D4900B770D7C}.Release|Any CPU.Build.0 = Release|Any CPU
		{3CEBB6F2-2410-43D4-8440-D4900B770D7C}.Release|Any CPU.Deploy.0 = Release|Any CPU
		{3CEBB6F2-2410-43D4-8440-D4900B770D7C}.Release|iPhone.ActiveCfg = Release|Any CPU
		{3CEBB6F2-2410-43D4-8440-D4900B770D7C}.Release|iPhone.Build.0 = Release|Any CPU
		{3CEBB6F2-2410-43D4-8440-D4900B770D7C}.Release|iPhone.Deploy.0 = Release|Any CPU
		{3CEBB6F2-2410-43D4-8440-D4900B770D7C}.Release|iPhoneSimulator.ActiveCfg = Release|Any CPU
		{3CEBB6F2-2410-43D4-8440-D4900B770D7C}.Release|iPhoneSimulator.Build.0 = Release|Any CPU
		{3CEBB6F2-2410-43D4-8440-D4900B770D7C}.Release|iPhoneSimulator.Deploy.0 = Release|Any CPU
		{A6D15546-AAF0-4AA7-8D54-AD0AB9EAD86C}.Debug|Any CPU.ActiveCfg = Debug|iPhone
		{A6D15546-AAF0-4AA7-8D54-AD0AB9EAD86C}.Debug|Any CPU.Build.0 = Debug|iPhone
		{A6D15546-AAF0-4AA7-8D54-AD0AB9EAD86C}.Debug|Any CPU.Deploy.0 = Debug|iPhone
		{A6D15546-AAF0-4AA7-8D54-AD0AB9EAD86C}.Debug|iPhone.ActiveCfg = Debug|iPhone
		{A6D15546-AAF0-4AA7-8D54-AD0AB9EAD86C}.Debug|iPhone.Build.0 = Debug|iPhone
		{A6D15546-AAF0-4AA7-8D54-AD0AB9EAD86C}.Debug|iPhone.Deploy.0 = Debug|iPhone
		{A6D15546-AAF0-4AA7-8D54-AD0AB9EAD86C}.Debug|iPhoneSimulator.ActiveCfg = Debug|iPhoneSimulator
		{A6D15546-AAF0-4AA7-8D54-AD0AB9EAD86C}.Debug|iPhoneSimulator.Build.0 = Debug|iPhoneSimulator
		{A6D15546-AAF0-4AA7-8D54-AD0AB9EAD86C}.Debug|iPhoneSimulator.Deploy.0 = Debug|iPhoneSimulator
		{A6D15546-AAF0-4AA7-8D54-AD0AB9EAD86C}.Release|Any CPU.ActiveCfg = Release|iPhone
		{A6D15546-AAF0-4AA7-8D54-AD0AB9EAD86C}.Release|Any CPU.Build.0 = Release|iPhone
		{A6D15546-AAF0-4AA7-8D54-AD0AB9EAD86C}.Release|Any CPU.Deploy.0 = Release|iPhone
		{A6D15546-AAF0-4AA7-8D54-AD0AB9EAD86C}.Release|iPhone.ActiveCfg = Release|iPhone
		{A6D15546-AAF0-4AA7-8D54-AD0AB9EAD86C}.Release|iPhone.Build.0 = Release|iPhone
		{A6D15546-AAF0-4AA7-8D54-AD0AB9EAD86C}.Release|iPhone.Deploy.0 = Release|iPhone
		{A6D15546-AAF0-4AA7-8D54-AD0AB9EAD86C}.Release|iPhoneSimulator.ActiveCfg = Release|iPhoneSimulator
		{A6D15546-AAF0-4AA7-8D54-AD0AB9EAD86C}.Release|iPhoneSimulator.Build.0 = Release|iPhoneSimulator
		{A6D15546-AAF0-4AA7-8D54-AD0AB9EAD86C}.Release|iPhoneSimulator.Deploy.0 = Release|iPhoneSimulator
		{3F1C03B7-429E-455F-8AA5-90E7DDB2ED12}.Debug|Any CPU.ActiveCfg = Debug|Any CPU
		{3F1C03B7-429E-455F-8AA5-90E7DDB2ED12}.Debug|Any CPU.Build.0 = Debug|Any CPU
		{3F1C03B7-429E-455F-8AA5-90E7DDB2ED12}.Debug|Any CPU.Deploy.0 = Debug|Any CPU
		{3F1C03B7-429E-455F-8AA5-90E7DDB2ED12}.Debug|iPhone.ActiveCfg = Debug|Any CPU
		{3F1C03B7-429E-455F-8AA5-90E7DDB2ED12}.Debug|iPhone.Build.0 = Debug|Any CPU
		{3F1C03B7-429E-455F-8AA5-90E7DDB2ED12}.Debug|iPhone.Deploy.0 = Debug|Any CPU
		{3F1C03B7-429E-455F-8AA5-90E7DDB2ED12}.Debug|iPhoneSimulator.ActiveCfg = Debug|Any CPU
		{3F1C03B7-429E-455F-8AA5-90E7DDB2ED12}.Debug|iPhoneSimulator.Build.0 = Debug|Any CPU
		{3F1C03B7-429E-455F-8AA5-90E7DDB2ED12}.Debug|iPhoneSimulator.Deploy.0 = Debug|Any CPU
		{3F1C03B7-429E-455F-8AA5-90E7DDB2ED12}.Release|Any CPU.ActiveCfg = Release|Any CPU
		{3F1C03B7-429E-455F-8AA5-90E7DDB2ED12}.Release|Any CPU.Build.0 = Release|Any CPU
		{3F1C03B7-429E-455F-8AA5-90E7DDB2ED12}.Release|Any CPU.Deploy.0 = Release|Any CPU
		{3F1C03B7-429E-455F-8AA5-90E7DDB2ED12}.Release|iPhone.ActiveCfg = Release|Any CPU
		{3F1C03B7-429E-455F-8AA5-90E7DDB2ED12}.Release|iPhone.Build.0 = Release|Any CPU
		{3F1C03B7-429E-455F-8AA5-90E7DDB2ED12}.Release|iPhone.Deploy.0 = Release|Any CPU
		{3F1C03B7-429E-455F-8AA5-90E7DDB2ED12}.Release|iPhoneSimulator.ActiveCfg = Release|Any CPU
		{3F1C03B7-429E-455F-8AA5-90E7DDB2ED12}.Release|iPhoneSimulator.Build.0 = Release|Any CPU
		{3F1C03B7-429E-455F-8AA5-90E7DDB2ED12}.Release|iPhoneSimulator.Deploy.0 = Release|Any CPU
	EndGlobalSection
	GlobalSection(SolutionProperties) = preSolution
		HideSolutionNode = FALSE
	EndGlobalSection
	GlobalSection(ExtensibilityGlobals) = postSolution
		SolutionGuid = {687ED7DF-9299-4523-96E0-68A35F7B38AA}
	EndGlobalSection
EndGlobal
